{
  "name": "Blindfold",
  "version": "1.0.2",
  "lockfileVersion": 1,
  "requires": true,
  "dependencies": {
    "@tabletop-playground/api": {
      "version": "0.3.1",
      "resolved": "https://registry.npmjs.org/@tabletop-playground/api/-/api-0.3.1.tgz",
      "integrity": "sha512-NRziPMf1jLyh1HHnppIgLGnU9XdCPgyYrz7k0POLaIrL1KiNA4gGDdu1YUsE/jSVDPNT0nW7hZa9DVTozrFhDA=="
    }
  }
}
